
Microsoft Visual Studio Solution File, Format Version 11.00
# Visual Studio 2010
Project("{FAE04EC0-301F-11D3-BF4B-00C04F79EFBC}") = "Db4objects.Db4o.Diagnostic.Log4Net", "Db4objects.Db4o.Diagnostics.Log4Net\Db4objects.Db4o.Diagnostic.Log4Net.csproj", "{EE597EDD-5E54-46D6-812A-0EBBBD70DD29}"
EndProject
Project("{FAE04EC0-301F-11D3-BF4B-00C04F79EFBC}") = "Db4objects.Db4o.Diagnostic.Log4Net.Test", "Db4objects.Db4o.Diagnostics.Log4Net.Test\Db4objects.Db4o.Diagnostic.Log4Net.Test.csproj", "{B7E02CE4-1A7B-4206-A1B3-0AA0F1B375A1}"
EndProject
Project("{FAE04EC0-301F-11D3-BF4B-00C04F79EFBC}") = "Db4objects.Db4o.AutoIncrement", "Db4objects.Db4o.AutoIncrement\Db4objects.Db4o.AutoIncrement.csproj", "{046FA466-F8B8-4315-B38F-EF594A1A3A0A}"
EndProject
Project("{FAE04EC0-301F-11D3-BF4B-00C04F79EFBC}") = "Db4objects.Db4o.AutoIncrement.Test", "Db4objects.Db4o.AutoIncrement.Test\Db4objects.Db4o.AutoIncrement.Test.csproj", "{7FAD3F9F-AD53-4D3C-A5FB-1E928C4329AC}"
EndProject
Project("{2150E333-8FDC-42A3-9474-1A3956D46DE8}") = "Solution Items", "Solution Items", "{9AD2202A-08DA-4260-96FB-BB344193C7F6}"
	ProjectSection(SolutionItems) = preProject
		db4o-extras-net.vsmdi = db4o-extras-net.vsmdi
		Local.testsettings = Local.testsettings
		TraceAndTestImpact.testsettings = TraceAndTestImpact.testsettings
	EndProjectSection
EndProject
Project("{FAE04EC0-301F-11D3-BF4B-00C04F79EFBC}") = "Db4objects.Db4o.Web", "Db4objects.Db4o.Web\Db4objects.Db4o.Web.csproj", "{214E0742-83E4-4474-A1A6-385C484864A7}"
EndProject
Project("{2150E333-8FDC-42A3-9474-1A3956D46DE8}") = "Test Projects", "Test Projects", "{CBC75F3F-748A-49D4-AEF8-F31BFC580187}"
EndProject
Project("{FAE04EC0-301F-11D3-BF4B-00C04F79EFBC}") = "Db4objects.Db4o.WindowsService", "Db4objects.Db4o.WindowsService\Db4objects.Db4o.WindowsService.csproj", "{E0956286-38CF-4DA9-AF5C-73387402F244}"
EndProject
Project("{FAE04EC0-301F-11D3-BF4B-00C04F79EFBC}") = "Db4objects.Db4o.EntityFramework", "Db4objects.Db4o.EntityFramework\Db4objects.Db4o.EntityFramework.csproj", "{40FC561C-3D04-49A9-9462-6EB2A2E29ECA}"
EndProject
Project("{FAE04EC0-301F-11D3-BF4B-00C04F79EFBC}") = "Db4objects.Db4o.EntityFramework.Test", "Db4objects.Db4o.EntityFramework.Test\Db4objects.Db4o.EntityFramework.Test.csproj", "{B83F067E-F581-481D-BD68-BED514DE5DAB}"
EndProject
Global
	GlobalSection(TestCaseManagementSettings) = postSolution
		CategoryFile = db4o-extras-net.vsmdi
	EndGlobalSection
	GlobalSection(SolutionConfigurationPlatforms) = preSolution
		Debug|Any CPU = Debug|Any CPU
		Debug|Mixed Platforms = Debug|Mixed Platforms
		Debug|x86 = Debug|x86
		Release|Any CPU = Release|Any CPU
		Release|Mixed Platforms = Release|Mixed Platforms
		Release|x86 = Release|x86
	EndGlobalSection
	GlobalSection(ProjectConfigurationPlatforms) = postSolution
		{EE597EDD-5E54-46D6-812A-0EBBBD70DD29}.Debug|Any CPU.ActiveCfg = Debug|Any CPU
		{EE597EDD-5E54-46D6-812A-0EBBBD70DD29}.Debug|Any CPU.Build.0 = Debug|Any CPU
		{EE597EDD-5E54-46D6-812A-0EBBBD70DD29}.Debug|Mixed Platforms.ActiveCfg = Debug|Any CPU
		{EE597EDD-5E54-46D6-812A-0EBBBD70DD29}.Debug|Mixed Platforms.Build.0 = Debug|Any CPU
		{EE597EDD-5E54-46D6-812A-0EBBBD70DD29}.Debug|x86.ActiveCfg = Debug|Any CPU
		{EE597EDD-5E54-46D6-812A-0EBBBD70DD29}.Release|Any CPU.ActiveCfg = Release|Any CPU
		{EE597EDD-5E54-46D6-812A-0EBBBD70DD29}.Release|Any CPU.Build.0 = Release|Any CPU
		{EE597EDD-5E54-46D6-812A-0EBBBD70DD29}.Release|Mixed Platforms.ActiveCfg = Release|Any CPU
		{EE597EDD-5E54-46D6-812A-0EBBBD70DD29}.Release|Mixed Platforms.Build.0 = Release|Any CPU
		{EE597EDD-5E54-46D6-812A-0EBBBD70DD29}.Release|x86.ActiveCfg = Release|Any CPU
		{B7E02CE4-1A7B-4206-A1B3-0AA0F1B375A1}.Debug|Any CPU.ActiveCfg = Debug|x86
		{B7E02CE4-1A7B-4206-A1B3-0AA0F1B375A1}.Debug|Mixed Platforms.ActiveCfg = Debug|x86
		{B7E02CE4-1A7B-4206-A1B3-0AA0F1B375A1}.Debug|Mixed Platforms.Build.0 = Debug|x86
		{B7E02CE4-1A7B-4206-A1B3-0AA0F1B375A1}.Debug|x86.ActiveCfg = Debug|x86
		{B7E02CE4-1A7B-4206-A1B3-0AA0F1B375A1}.Debug|x86.Build.0 = Debug|x86
		{B7E02CE4-1A7B-4206-A1B3-0AA0F1B375A1}.Release|Any CPU.ActiveCfg = Release|x86
		{B7E02CE4-1A7B-4206-A1B3-0AA0F1B375A1}.Release|Mixed Platforms.ActiveCfg = Release|x86
		{B7E02CE4-1A7B-4206-A1B3-0AA0F1B375A1}.Release|Mixed Platforms.Build.0 = Release|x86
		{B7E02CE4-1A7B-4206-A1B3-0AA0F1B375A1}.Release|x86.ActiveCfg = Release|x86
		{B7E02CE4-1A7B-4206-A1B3-0AA0F1B375A1}.Release|x86.Build.0 = Release|x86
		{046FA466-F8B8-4315-B38F-EF594A1A3A0A}.Debug|Any CPU.ActiveCfg = Debug|Any CPU
		{046FA466-F8B8-4315-B38F-EF594A1A3A0A}.Debug|Any CPU.Build.0 = Debug|Any CPU
		{046FA466-F8B8-4315-B38F-EF594A1A3A0A}.Debug|Mixed Platforms.ActiveCfg = Debug|Any CPU
		{046FA466-F8B8-4315-B38F-EF594A1A3A0A}.Debug|Mixed Platforms.Build.0 = Debug|Any CPU
		{046FA466-F8B8-4315-B38F-EF594A1A3A0A}.Debug|x86.ActiveCfg = Debug|Any CPU
		{046FA466-F8B8-4315-B38F-EF594A1A3A0A}.Release|Any CPU.ActiveCfg = Release|Any CPU
		{046FA466-F8B8-4315-B38F-EF594A1A3A0A}.Release|Any CPU.Build.0 = Release|Any CPU
		{046FA466-F8B8-4315-B38F-EF594A1A3A0A}.Release|Mixed Platforms.ActiveCfg = Release|Any CPU
		{046FA466-F8B8-4315-B38F-EF594A1A3A0A}.Release|Mixed Platforms.Build.0 = Release|Any CPU
		{046FA466-F8B8-4315-B38F-EF594A1A3A0A}.Release|x86.ActiveCfg = Release|Any CPU
		{7FAD3F9F-AD53-4D3C-A5FB-1E928C4329AC}.Debug|Any CPU.ActiveCfg = Debug|Any CPU
		{7FAD3F9F-AD53-4D3C-A5FB-1E928C4329AC}.Debug|Any CPU.Build.0 = Debug|Any CPU
		{7FAD3F9F-AD53-4D3C-A5FB-1E928C4329AC}.Debug|Mixed Platforms.ActiveCfg = Debug|Any CPU
		{7FAD3F9F-AD53-4D3C-A5FB-1E928C4329AC}.Debug|Mixed Platforms.Build.0 = Debug|Any CPU
		{7FAD3F9F-AD53-4D3C-A5FB-1E928C4329AC}.Debug|x86.ActiveCfg = Debug|Any CPU
		{7FAD3F9F-AD53-4D3C-A5FB-1E928C4329AC}.Release|Any CPU.ActiveCfg = Release|Any CPU
		{7FAD3F9F-AD53-4D3C-A5FB-1E928C4329AC}.Release|Any CPU.Build.0 = Release|Any CPU
		{7FAD3F9F-AD53-4D3C-A5FB-1E928C4329AC}.Release|Mixed Platforms.ActiveCfg = Release|Any CPU
		{7FAD3F9F-AD53-4D3C-A5FB-1E928C4329AC}.Release|Mixed Platforms.Build.0 = Release|Any CPU
		{7FAD3F9F-AD53-4D3C-A5FB-1E928C4329AC}.Release|x86.ActiveCfg = Release|Any CPU
		{214E0742-83E4-4474-A1A6-385C484864A7}.Debug|Any CPU.ActiveCfg = Debug|Any CPU
		{214E0742-83E4-4474-A1A6-385C484864A7}.Debug|Any CPU.Build.0 = Debug|Any CPU
		{214E0742-83E4-4474-A1A6-385C484864A7}.Debug|Mixed Platforms.ActiveCfg = Debug|Any CPU
		{214E0742-83E4-4474-A1A6-385C484864A7}.Debug|Mixed Platforms.Build.0 = Debug|Any CPU
		{214E0742-83E4-4474-A1A6-385C484864A7}.Debug|x86.ActiveCfg = Debug|Any CPU
		{214E0742-83E4-4474-A1A6-385C484864A7}.Release|Any CPU.ActiveCfg = Release|Any CPU
		{214E0742-83E4-4474-A1A6-385C484864A7}.Release|Any CPU.Build.0 = Release|Any CPU
		{214E0742-83E4-4474-A1A6-385C484864A7}.Release|Mixed Platforms.ActiveCfg = Release|Any CPU
		{214E0742-83E4-4474-A1A6-385C484864A7}.Release|Mixed Platforms.Build.0 = Release|Any CPU
		{214E0742-83E4-4474-A1A6-385C484864A7}.Release|x86.ActiveCfg = Release|Any CPU
		{E0956286-38CF-4DA9-AF5C-73387402F244}.Debug|Any CPU.ActiveCfg = Debug|x86
		{E0956286-38CF-4DA9-AF5C-73387402F244}.Debug|Mixed Platforms.ActiveCfg = Debug|x86
		{E0956286-38CF-4DA9-AF5C-73387402F244}.Debug|Mixed Platforms.Build.0 = Debug|x86
		{E0956286-38CF-4DA9-AF5C-73387402F244}.Debug|x86.ActiveCfg = Debug|x86
		{E0956286-38CF-4DA9-AF5C-73387402F244}.Debug|x86.Build.0 = Debug|x86
		{E0956286-38CF-4DA9-AF5C-73387402F244}.Release|Any CPU.ActiveCfg = Release|x86
		{E0956286-38CF-4DA9-AF5C-73387402F244}.Release|Mixed Platforms.ActiveCfg = Release|x86
		{E0956286-38CF-4DA9-AF5C-73387402F244}.Release|Mixed Platforms.Build.0 = Release|x86
		{E0956286-38CF-4DA9-AF5C-73387402F244}.Release|x86.ActiveCfg = Release|x86
		{E0956286-38CF-4DA9-AF5C-73387402F244}.Release|x86.Build.0 = Release|x86
		{40FC561C-3D04-49A9-9462-6EB2A2E29ECA}.Debug|Any CPU.ActiveCfg = Debug|Any CPU
		{40FC561C-3D04-49A9-9462-6EB2A2E29ECA}.Debug|Any CPU.Build.0 = Debug|Any CPU
		{40FC561C-3D04-49A9-9462-6EB2A2E29ECA}.Debug|Mixed Platforms.ActiveCfg = Debug|Any CPU
		{40FC561C-3D04-49A9-9462-6EB2A2E29ECA}.Debug|Mixed Platforms.Build.0 = Debug|Any CPU
		{40FC561C-3D04-49A9-9462-6EB2A2E29ECA}.Debug|x86.ActiveCfg = Debug|Any CPU
		{40FC561C-3D04-49A9-9462-6EB2A2E29ECA}.Release|Any CPU.ActiveCfg = Release|Any CPU
		{40FC561C-3D04-49A9-9462-6EB2A2E29ECA}.Release|Any CPU.Build.0 = Release|Any CPU
		{40FC561C-3D04-49A9-9462-6EB2A2E29ECA}.Release|Mixed Platforms.ActiveCfg = Release|Any CPU
		{40FC561C-3D04-49A9-9462-6EB2A2E29ECA}.Release|Mixed Platforms.Build.0 = Release|Any CPU
		{40FC561C-3D04-49A9-9462-6EB2A2E29ECA}.Release|x86.ActiveCfg = Release|Any CPU
		{B83F067E-F581-481D-BD68-BED514DE5DAB}.Debug|Any CPU.ActiveCfg = Debug|Any CPU
		{B83F067E-F581-481D-BD68-BED514DE5DAB}.Debug|Any CPU.Build.0 = Debug|Any CPU
		{B83F067E-F581-481D-BD68-BED514DE5DAB}.Debug|Mixed Platforms.ActiveCfg = Debug|Any CPU
		{B83F067E-F581-481D-BD68-BED514DE5DAB}.Debug|Mixed Platforms.Build.0 = Debug|Any CPU
		{B83F067E-F581-481D-BD68-BED514DE5DAB}.Debug|x86.ActiveCfg = Debug|Any CPU
		{B83F067E-F581-481D-BD68-BED514DE5DAB}.Release|Any CPU.ActiveCfg = Release|Any CPU
		{B83F067E-F581-481D-BD68-BED514DE5DAB}.Release|Any CPU.Build.0 = Release|Any CPU
		{B83F067E-F581-481D-BD68-BED514DE5DAB}.Release|Mixed Platforms.ActiveCfg = Release|Any CPU
		{B83F067E-F581-481D-BD68-BED514DE5DAB}.Release|Mixed Platforms.Build.0 = Release|Any CPU
		{B83F067E-F581-481D-BD68-BED514DE5DAB}.Release|x86.ActiveCfg = Release|Any CPU
	EndGlobalSection
	GlobalSection(SolutionProperties) = preSolution
		HideSolutionNode = FALSE
	EndGlobalSection
	GlobalSection(NestedProjects) = preSolution
		{7FAD3F9F-AD53-4D3C-A5FB-1E928C4329AC} = {CBC75F3F-748A-49D4-AEF8-F31BFC580187}
		{B7E02CE4-1A7B-4206-A1B3-0AA0F1B375A1} = {CBC75F3F-748A-49D4-AEF8-F31BFC580187}
		{B83F067E-F581-481D-BD68-BED514DE5DAB} = {CBC75F3F-748A-49D4-AEF8-F31BFC580187}
	EndGlobalSection
EndGlobal
